
Microsoft Visual Studio Solution File, Format Version 12.00
# Visual Studio 15
VisualStudioVersion = 15.0.28307.421
MinimumVisualStudioVersion = 10.0.40219.1
Project("{9A19103F-16F7-4668-BE54-9A1E7A4F7556}") = "SitesMonitoring.API", "SitesMonitoring.API\SitesMonitoring.API.csproj", "{7953B8BA-2A64-44E6-8F96-BCB196A6B110}"
EndProject
Project("{9A19103F-16F7-4668-BE54-9A1E7A4F7556}") = "SitesMonitoring.BLL", "SitesMonitoring.BLL\SitesMonitoring.BLL.csproj", "{08D2D9F0-3B61-4077-9015-559F5F1D9264}"
EndProject
Project("{9A19103F-16F7-4668-BE54-9A1E7A4F7556}") = "SitesMonitoring.DAL", "SitesMonitoring.DAL\SitesMonitoring.DAL.csproj", "{08A62628-587B-43FA-9AD7-9F4E742B223B}"
EndProject
Project("{9A19103F-16F7-4668-BE54-9A1E7A4F7556}") = "SitesMonitoring.API.IntegrationTests", "SitesMonitoring.API.IntegrationTests\SitesMonitoring.API.IntegrationTests.csproj", "{C469C7FC-E1A2-4F68-92CB-F287325E510E}"
EndProject
Project("{FAE04EC0-301F-11D3-BF4B-00C04F79EFBC}") = "SitesMonitoring.BLL.UnitTests", "SitesMonitoring.BLL.UnitTests\SitesMonitoring.BLL.UnitTests.csproj", "{5A175B43-9F01-4D37-A86A-456AAB1F937D}"
EndProject
Project("{2150E333-8FDC-42A3-9474-1A3956D46DE8}") = "docker", "docker", "{DC14A019-E308-4FA2-B46A-BFB893C23A65}"
ProjectSection(SolutionItems) = preProject
	docker-compose.yml = docker-compose.yml
	Dockerfile = Dockerfile
	.dockerignore = .dockerignore
EndProjectSection
EndProject
Global
	GlobalSection(SolutionConfigurationPlatforms) = preSolution
		Debug|Any CPU = Debug|Any CPU
		Release|Any CPU = Release|Any CPU
	EndGlobalSection
	GlobalSection(ProjectConfigurationPlatforms) = postSolution
		{7953B8BA-2A64-44E6-8F96-BCB196A6B110}.Debug|Any CPU.ActiveCfg = Debug|Any CPU
		{7953B8BA-2A64-44E6-8F96-BCB196A6B110}.Debug|Any CPU.Build.0 = Debug|Any CPU
		{7953B8BA-2A64-44E6-8F96-BCB196A6B110}.Release|Any CPU.ActiveCfg = Release|Any CPU
		{7953B8BA-2A64-44E6-8F96-BCB196A6B110}.Release|Any CPU.Build.0 = Release|Any CPU
		{08D2D9F0-3B61-4077-9015-559F5F1D9264}.Debug|Any CPU.ActiveCfg = Debug|Any CPU
		{08D2D9F0-3B61-4077-9015-559F5F1D9264}.Debug|Any CPU.Build.0 = Debug|Any CPU
		{08D2D9F0-3B61-4077-9015-559F5F1D9264}.Release|Any CPU.ActiveCfg = Release|Any CPU
		{08D2D9F0-3B61-4077-9015-559F5F1D9264}.Release|Any CPU.Build.0 = Release|Any CPU
		{08A62628-587B-43FA-9AD7-9F4E742B223B}.Debug|Any CPU.ActiveCfg = Debug|Any CPU
		{08A62628-587B-43FA-9AD7-9F4E742B223B}.Debug|Any CPU.Build.0 = Debug|Any CPU
		{08A62628-587B-43FA-9AD7-9F4E742B223B}.Release|Any CPU.ActiveCfg = Release|Any CPU
		{08A62628-587B-43FA-9AD7-9F4E742B223B}.Release|Any CPU.Build.0 = Release|Any CPU
		{C469C7FC-E1A2-4F68-92CB-F287325E510E}.Debug|Any CPU.ActiveCfg = Debug|Any CPU
		{C469C7FC-E1A2-4F68-92CB-F287325E510E}.Debug|Any CPU.Build.0 = Debug|Any CPU
		{C469C7FC-E1A2-4F68-92CB-F287325E510E}.Release|Any CPU.ActiveCfg = Release|Any CPU
		{C469C7FC-E1A2-4F68-92CB-F287325E510E}.Release|Any CPU.Build.0 = Release|Any CPU
		{5A175B43-9F01-4D37-A86A-456AAB1F937D}.Debug|Any CPU.ActiveCfg = Debug|Any CPU
		{5A175B43-9F01-4D37-A86A-456AAB1F937D}.Debug|Any CPU.Build.0 = Debug|Any CPU
		{5A175B43-9F01-4D37-A86A-456AAB1F937D}.Release|Any CPU.ActiveCfg = Release|Any CPU
		{5A175B43-9F01-4D37-A86A-456AAB1F937D}.Release|Any CPU.Build.0 = Release|Any CPU
	EndGlobalSection
	GlobalSection(SolutionProperties) = preSolution
		HideSolutionNode = FALSE
	EndGlobalSection
	GlobalSection(ExtensibilityGlobals) = postSolution
		SolutionGuid = {E02BBAD1-EB4A-4FFB-AB73-0309076CEFD9}
	EndGlobalSection
EndGlobal
